
Microsoft Visual Studio Solution File, Format Version 12.00
# Visual Studio 2013
Project("{FAE04EC0-301F-11D3-BF4B-00C04F79EFBC}") = "UnityVS.ProceduralPlanetsSource.CSharp", "UnityVS.ProceduralPlanetsSource.CSharp.csproj", "{07C6BB11-BCB1-8F63-CC80-88D3542893DB}"
EndProject
Global
	GlobalSection(SolutionConfigurationPlatforms) = preSolution
		Debug|Any CPU = Debug|Any CPU
		Release|Any CPU = Release|Any CPU
	EndGlobalSection
	GlobalSection(ProjectConfigurationPlatforms) = postSolution
		{07C6BB11-BCB1-8F63-CC80-88D3542893DB}.Debug|Any CPU.ActiveCfg = Debug|Any CPU
		{07C6BB11-BCB1-8F63-CC80-88D3542893DB}.Debug|Any CPU.Build.0 = Debug|Any CPU
		{07C6BB11-BCB1-8F63-CC80-88D3542893DB}.Release|Any CPU.ActiveCfg = Release|Any CPU
		{07C6BB11-BCB1-8F63-CC80-88D3542893DB}.Release|Any CPU.Build.0 = Release|Any CPU
	EndGlobalSection
	GlobalSection(SolutionProperties) = preSolution
		HideSolutionNode = FALSE
	EndGlobalSection
EndGlobal
